// !$*UTF8*$!
{
	archiveVersion = 1;
	classes = {
	};
	objectVersion = 46;
	objects = {

/* Begin PBXBuildFile section */
		7DFB08B42579FD800089861F /* Canter-BoldStrips.otf in Resources */ = {isa = PBXBuildFile; fileRef = 7DFB08AE2579FD7F0089861F /* Canter-BoldStrips.otf */; };
		7DFB08B52579FD800089861F /* Canter-Outline.otf in Resources */ = {isa = PBXBuildFile; fileRef = 7DFB08AF2579FD7F0089861F /* Canter-Outline.otf */; };
		7DFB08B62579FD800089861F /* Canter-Bold3D.otf in Resources */ = {isa = PBXBuildFile; fileRef = 7DFB08B02579FD800089861F /* Canter-Bold3D.otf */; };
		7DFB08B72579FD800089861F /* Canter-BoldShadow.otf in Resources */ = {isa = PBXBuildFile; fileRef = 7DFB08B12579FD800089861F /* Canter-BoldShadow.otf */; };
		7DFB08B82579FD800089861F /* Canter-Bold.otf in Resources */ = {isa = PBXBuildFile; fileRef = 7DFB08B22579FD800089861F /* Canter-Bold.otf */; };
		7DFB08B92579FD800089861F /* Canter-Light.otf in Resources */ = {isa = PBXBuildFile; fileRef = 7DFB08B32579FD800089861F /* Canter-Light.otf */; };
		7DFB08C12579FDA10089861F /* Canter-Light.ttf in Resources */ = {isa = PBXBuildFile; fileRef = 7DFB08BB2579FDA10089861F /* Canter-Light.ttf */; };
		7DFB08C22579FDA10089861F /* Canter-Bold.ttf in Resources */ = {isa = PBXBuildFile; fileRef = 7DFB08BC2579FDA10089861F /* Canter-Bold.ttf */; };
		7DFB08C32579FDA10089861F /* Canter-Bold3D.ttf in Resources */ = {isa = PBXBuildFile; fileRef = 7DFB08BD2579FDA10089861F /* Canter-Bold3D.ttf */; };
		7DFB08C42579FDA10089861F /* Canter-Outline.ttf in Resources */ = {isa = PBXBuildFile; fileRef = 7DFB08BE2579FDA10089861F /* Canter-Outline.ttf */; };
		7DFB08C52579FDA10089861F /* Canter-BoldShadow.ttf in Resources */ = {isa = PBXBuildFile; fileRef = 7DFB08BF2579FDA10089861F /* Canter-BoldShadow.ttf */; };
		7DFB08C62579FDA10089861F /* Canter-BoldStrips.ttf in Resources */ = {isa = PBXBuildFile; fileRef = 7DFB08C02579FDA10089861F /* Canter-BoldStrips.ttf */; };
		7DFB08CB257A001E0089861F /* Hallo sans light.otf in Resources */ = {isa = PBXBuildFile; fileRef = 7DFB08C8257A001E0089861F /* Hallo sans light.otf */; };
		7DFB08CC257A001E0089861F /* Hallo sans.otf in Resources */ = {isa = PBXBuildFile; fileRef = 7DFB08C9257A001E0089861F /* Hallo sans.otf */; };
		7DFB08CD257A001E0089861F /* Hallo sans black.otf in Resources */ = {isa = PBXBuildFile; fileRef = 7DFB08CA257A001E0089861F /* Hallo sans black.otf */; };
		F4BFB38C1DB5D2C90072BA92 /* AppDelegate.swift in Sources */ = {isa = PBXBuildFile; fileRef = F4BFB38B1DB5D2C90072BA92 /* AppDelegate.swift */; };
		F4BFB38E1DB5D2C90072BA92 /* ViewController.swift in Sources */ = {isa = PBXBuildFile; fileRef = F4BFB38D1DB5D2C90072BA92 /* ViewController.swift */; };
		F4BFB3911DB5D2C90072BA92 /* Main.storyboard in Resources */ = {isa = PBXBuildFile; fileRef = F4BFB38F1DB5D2C90072BA92 /* Main.storyboard */; };
		F4BFB3931DB5D2C90072BA92 /* Assets.xcassets in Resources */ = {isa = PBXBuildFile; fileRef = F4BFB3921DB5D2C90072BA92 /* Assets.xcassets */; };
		F4BFB3961DB5D2C90072BA92 /* LaunchScreen.storyboard in Resources */ = {isa = PBXBuildFile; fileRef = F4BFB3941DB5D2C90072BA92 /* LaunchScreen.storyboard */; };
/* End PBXBuildFile section */

/* Begin PBXFileReference section */
		7DFB08AE2579FD7F0089861F /* Canter-BoldStrips.otf */ = {isa = PBXFileReference; lastKnownFileType = file; path = "Canter-BoldStrips.otf"; sourceTree = "<group>"; };
		7DFB08AF2579FD7F0089861F /* Canter-Outline.otf */ = {isa = PBXFileReference; lastKnownFileType = file; path = "Canter-Outline.otf"; sourceTree = "<group>"; };
		7DFB08B02579FD800089861F /* Canter-Bold3D.otf */ = {isa = PBXFileReference; lastKnownFileType = file; path = "Canter-Bold3D.otf"; sourceTree = "<group>"; };
		7DFB08B12579FD800089861F /* Canter-BoldShadow.otf */ = {isa = PBXFileReference; lastKnownFileType = file; path = "Canter-BoldShadow.otf"; sourceTree = "<group>"; };
		7DFB08B22579FD800089861F /* Canter-Bold.otf */ = {isa = PBXFileReference; lastKnownFileType = file; path = "Canter-Bold.otf"; sourceTree = "<group>"; };
		7DFB08B32579FD800089861F /* Canter-Light.otf */ = {isa = PBXFileReference; lastKnownFileType = file; path = "Canter-Light.otf"; sourceTree = "<group>"; };
		7DFB08BB2579FDA10089861F /* Canter-Light.ttf */ = {isa = PBXFileReference; lastKnownFileType = file; path = "Canter-Light.ttf"; sourceTree = "<group>"; };
		7DFB08BC2579FDA10089861F /* Canter-Bold.ttf */ = {isa = PBXFileReference; lastKnownFileType = file; path = "Canter-Bold.ttf"; sourceTree = "<group>"; };
		7DFB08BD2579FDA10089861F /* Canter-Bold3D.ttf */ = {isa = PBXFileReference; lastKnownFileType = file; path = "Canter-Bold3D.ttf"; sourceTree = "<group>"; };
		7DFB08BE2579FDA10089861F /* Canter-Outline.ttf */ = {isa = PBXFileReference; lastKnownFileType = file; path = "Canter-Outline.ttf"; sourceTree = "<group>"; };
		7DFB08BF2579FDA10089861F /* Canter-BoldShadow.ttf */ = {isa = PBXFileReference; lastKnownFileType = file; path = "Canter-BoldShadow.ttf"; sourceTree = "<group>"; };
		7DFB08C02579FDA10089861F /* Canter-BoldStrips.ttf */ = {isa = PBXFileReference; lastKnownFileType = file; path = "Canter-BoldStrips.ttf"; sourceTree = "<group>"; };
		7DFB08C8257A001E0089861F /* Hallo sans light.otf */ = {isa = PBXFileReference; lastKnownFileType = file; path = "Hallo sans light.otf"; sourceTree = "<group>"; };
		7DFB08C9257A001E0089861F /* Hallo sans.otf */ = {isa = PBXFileReference; lastKnownFileType = file; path = "Hallo sans.otf"; sourceTree = "<group>"; };
		7DFB08CA257A001E0089861F /* Hallo sans black.otf */ = {isa = PBXFileReference; lastKnownFileType = file; path = "Hallo sans black.otf"; sourceTree = "<group>"; };
		F4BFB3881DB5D2C90072BA92 /* CustomFont.app */ = {isa = PBXFileReference; explicitFileType = wrapper.application; includeInIndex = 0; path = CustomFont.app; sourceTree = BUILT_PRODUCTS_DIR; };
		F4BFB38B1DB5D2C90072BA92 /* AppDelegate.swift */ = {isa = PBXFileReference; lastKnownFileType = sourcecode.swift; path = AppDelegate.swift; sourceTree = "<group>"; };
		F4BFB38D1DB5D2C90072BA92 /* ViewController.swift */ = {isa = PBXFileReference; lastKnownFileType = sourcecode.swift; path = ViewController.swift; sourceTree = "<group>"; };
		F4BFB3901DB5D2C90072BA92 /* Base */ = {isa = PBXFileReference; lastKnownFileType = file.storyboard; name = Base; path = Base.lproj/Main.storyboard; sourceTree = "<group>"; };
		F4BFB3921DB5D2C90072BA92 /* Assets.xcassets */ = {isa = PBXFileReference; lastKnownFileType = folder.assetcatalog; path = Assets.xcassets; sourceTree = "<group>"; };
		F4BFB3951DB5D2C90072BA92 /* Base */ = {isa = PBXFileReference; lastKnownFileType = file.storyboard; name = Base; path = Base.lproj/LaunchScreen.storyboard; sourceTree = "<group>"; };
		F4BFB3971DB5D2C90072BA92 /* Info.plist */ = {isa = PBXFileReference; lastKnownFileType = text.plist.xml; path = Info.plist; sourceTree = "<group>"; };
/* End PBXFileReference section */

/* Begin PBXFrameworksBuildPhase section */
		F4BFB3851DB5D2C90072BA92 /* Frameworks */ = {
			isa = PBXFrameworksBuildPhase;
			buildActionMask = 2147483647;
			files = (
			);
			runOnlyForDeploymentPostprocessing = 0;
		};
/* End PBXFrameworksBuildPhase section */

/* Begin PBXGroup section */
		7DFB08AD2579FC420089861F /* Font */ = {
			isa = PBXGroup;
			children = (
				7DFB08CA257A001E0089861F /* Hallo sans black.otf */,
				7DFB08C8257A001E0089861F /* Hallo sans light.otf */,
				7DFB08C9257A001E0089861F /* Hallo sans.otf */,
				7DFB08BC2579FDA10089861F /* Canter-Bold.ttf */,
				7DFB08BD2579FDA10089861F /* Canter-Bold3D.ttf */,
				7DFB08BF2579FDA10089861F /* Canter-BoldShadow.ttf */,
				7DFB08C02579FDA10089861F /* Canter-BoldStrips.ttf */,
				7DFB08BB2579FDA10089861F /* Canter-Light.ttf */,
				7DFB08BE2579FDA10089861F /* Canter-Outline.ttf */,
				7DFB08B22579FD800089861F /* Canter-Bold.otf */,
				7DFB08B02579FD800089861F /* Canter-Bold3D.otf */,
				7DFB08B12579FD800089861F /* Canter-BoldShadow.otf */,
				7DFB08AE2579FD7F0089861F /* Canter-BoldStrips.otf */,
				7DFB08B32579FD800089861F /* Canter-Light.otf */,
				7DFB08AF2579FD7F0089861F /* Canter-Outline.otf */,
			);
			path = Font;
			sourceTree = "<group>";
		};
		F4BFB37F1DB5D2C90072BA92 = {
			isa = PBXGroup;
			children = (
				F4BFB38A1DB5D2C90072BA92 /* CustomFont */,
				F4BFB3891DB5D2C90072BA92 /* Products */,
			);
			sourceTree = "<group>";
		};
		F4BFB3891DB5D2C90072BA92 /* Products */ = {
			isa = PBXGroup;
			children = (
				F4BFB3881DB5D2C90072BA92 /* CustomFont.app */,
			);
			name = Products;
			sourceTree = "<group>";
		};
		F4BFB38A1DB5D2C90072BA92 /* CustomFont */ = {
			isa = PBXGroup;
			children = (
				7DFB08AD2579FC420089861F /* Font */,
				F4BFB38B1DB5D2C90072BA92 /* AppDelegate.swift */,
				F4BFB38D1DB5D2C90072BA92 /* ViewController.swift */,
				F4BFB38F1DB5D2C90072BA92 /* Main.storyboard */,
				F4BFB3921DB5D2C90072BA92 /* Assets.xcassets */,
				F4BFB3941DB5D2C90072BA92 /* LaunchScreen.storyboard */,
				F4BFB3971DB5D2C90072BA92 /* Info.plist */,
			);
			path = CustomFont;
			sourceTree = "<group>";
		};
/* End PBXGroup section */

/* Begin PBXNativeTarget section */
		F4BFB3871DB5D2C90072BA92 /* CustomFont */ = {
			isa = PBXNativeTarget;
			buildConfigurationList = F4BFB39A1DB5D2C90072BA92 /* Build configuration list for PBXNativeTarget "CustomFont" */;
			buildPhases = (
				F4BFB3841DB5D2C90072BA92 /* Sources */,
				F4BFB3851DB5D2C90072BA92 /* Frameworks */,
				F4BFB3861DB5D2C90072BA92 /* Resources */,
			);
			buildRules = (
			);
			dependencies = (
			);
			name = CustomFont;
			productName = CustomFont;
			productReference = F4BFB3881DB5D2C90072BA92 /* CustomFont.app */;
			productType = "com.apple.product-type.application";
		};
/* End PBXNativeTarget section */

/* Begin PBXProject section */
		F4BFB3801DB5D2C90072BA92 /* Project object */ = {
			isa = PBXProject;
			attributes = {
				LastSwiftUpdateCheck = 0800;
				LastUpgradeCheck = 1130;
				ORGANIZATIONNAME = AppCoda;
				TargetAttributes = {
					F4BFB3871DB5D2C90072BA92 = {
						CreatedOnToolsVersion = 8.0;
						DevelopmentTeam = 3CCWF8D47P;
						LastSwiftMigration = 1130;
						ProvisioningStyle = Automatic;
					};
				};
			};
			buildConfigurationList = F4BFB3831DB5D2C90072BA92 /* Build configuration list for PBXProject "CustomFont" */;
			compatibilityVersion = "Xcode 3.2";
			developmentRegion = en;
			hasScannedForEncodings = 0;
			knownRegions = (
				en,
				Base,
			);
			mainGroup = F4BFB37F1DB5D2C90072BA92;
			productRefGroup = F4BFB3891DB5D2C90072BA92 /* Products */;
			projectDirPath = "";
			projectRoot = "";
			targets = (
				F4BFB3871DB5D2C90072BA92 /* CustomFont */,
			);
		};
/* End PBXProject section */

/* Begin PBXResourcesBuildPhase section */
		F4BFB3861DB5D2C90072BA92 /* Resources */ = {
			isa = PBXResourcesBuildPhase;
			buildActionMask = 2147483647;
			files = (
				7DFB08B92579FD800089861F /* Canter-Light.otf in Resources */,
				7DFB08B42579FD800089861F /* Canter-BoldStrips.otf in Resources */,
				7DFB08CC257A001E0089861F /* Hallo sans.otf in Resources */,
				7DFB08C52579FDA10089861F /* Canter-BoldShadow.ttf in Resources */,
				7DFB08C42579FDA10089861F /* Canter-Outline.ttf in Resources */,
				7DFB08B82579FD800089861F /* Canter-Bold.otf in Resources */,
				7DFB08C62579FDA10089861F /* Canter-BoldStrips.ttf in Resources */,
				F4BFB3961DB5D2C90072BA92 /* LaunchScreen.storyboard in Resources */,
				7DFB08B62579FD800089861F /* Canter-Bold3D.otf in Resources */,
				7DFB08CB257A001E0089861F /* Hallo sans light.otf in Resources */,
				F4BFB3931DB5D2C90072BA92 /* Assets.xcassets in Resources */,
				7DFB08B72579FD800089861F /* Canter-BoldShadow.otf in Resources */,
				7DFB08C22579FDA10089861F /* Canter-Bold.ttf in Resources */,
				F4BFB3911DB5D2C90072BA92 /* Main.storyboard in Resources */,
				7DFB08C12579FDA10089861F /* Canter-Light.ttf in Resources */,
				7DFB08CD257A001E0089861F /* Hallo sans black.otf in Resources */,
				7DFB08B52579FD800089861F /* Canter-Outline.otf in Resources */,
				7DFB08C32579FDA10089861F /* Canter-Bold3D.ttf in Resources */,
			);
			runOnlyForDeploymentPostprocessing = 0;
		};
/* End PBXResourcesBuildPhase section */

/* Begin PBXSourcesBuildPhase section */
		F4BFB3841DB5D2C90072BA92 /* Sources */ = {
			isa = PBXSourcesBuildPhase;
			buildActionMask = 2147483647;
			files = (
				F4BFB38E1DB5D2C90072BA92 /* ViewController.swift in Sources */,
				F4BFB38C1DB5D2C90072BA92 /* AppDelegate.swift in Sources */,
			);
			runOnlyForDeploymentPostprocessing = 0;
		};
/* End PBXSourcesBuildPhase section */

/* Begin PBXVariantGroup section */
		F4BFB38F1DB5D2C90072BA92 /* Main.storyboard */ = {
			isa = PBXVariantGroup;
			children = (
				F4BFB3901DB5D2C90072BA92 /* Base */,
			);
			name = Main.storyboard;
			sourceTree = "<group>";
		};
		F4BFB3941DB5D2C90072BA92 /* LaunchScreen.storyboard */ = {
			isa = PBXVariantGroup;
			children = (
				F4BFB3951DB5D2C90072BA92 /* Base */,
			);
			name = LaunchScreen.storyboard;
			sourceTree = "<group>";
		};
/* End PBXVariantGroup section */

/* Begin XCBuildConfiguration section */
		F4BFB3981DB5D2C90072BA92 /* Debug */ = {
			isa = XCBuildConfiguration;
			buildSettings = {
				ALWAYS_SEARCH_USER_PATHS = NO;
				CLANG_ANALYZER_LOCALIZABILITY_NONLOCALIZED = YES;
				CLANG_ANALYZER_NONNULL = YES;
				CLANG_CXX_LANGUAGE_STANDARD = "gnu++0x";
				CLANG_CXX_LIBRARY = "libc++";
				CLANG_ENABLE_MODULES = YES;
				CLANG_ENABLE_OBJC_ARC = YES;
				CLANG_WARN_BLOCK_CAPTURE_AUTORELEASING = YES;
				CLANG_WARN_BOOL_CONVERSION = YES;
				CLANG_WARN_COMMA = YES;
				CLANG_WARN_CONSTANT_CONVERSION = YES;
				CLANG_WARN_DEPRECATED_OBJC_IMPLEMENTATIONS = YES;
				CLANG_WARN_DIRECT_OBJC_ISA_USAGE = YES_ERROR;
				CLANG_WARN_DOCUMENTATION_COMMENTS = YES;
				CLANG_WARN_EMPTY_BODY = YES;
				CLANG_WARN_ENUM_CONVERSION = YES;
				CLANG_WARN_INFINITE_RECURSION = YES;
				CLANG_WARN_INT_CONVERSION = YES;
				CLANG_WARN_NON_LITERAL_NULL_CONVERSION = YES;
				CLANG_WARN_OBJC_IMPLICIT_RETAIN_SELF = YES;
				CLANG_WARN_OBJC_LITERAL_CONVERSION = YES;
				CLANG_WARN_OBJC_ROOT_CLASS = YES_ERROR;
				CLANG_WARN_RANGE_LOOP_ANALYSIS = YES;
				CLANG_WARN_STRICT_PROTOTYPES = YES;
				CLANG_WARN_SUSPICIOUS_MOVE = YES;
				CLANG_WARN_SUSPICIOUS_MOVES = YES;
				CLANG_WARN_UNREACHABLE_CODE = YES;
				CLANG_WARN__DUPLICATE_METHOD_MATCH = YES;
				"CODE_SIGN_IDENTITY[sdk=iphoneos*]" = "iPhone Developer";
				COPY_PHASE_STRIP = NO;
				DEBUG_INFORMATION_FORMAT = dwarf;
				ENABLE_STRICT_OBJC_MSGSEND = YES;
				ENABLE_TESTABILITY = YES;
				GCC_C_LANGUAGE_STANDARD = gnu99;
				GCC_DYNAMIC_NO_PIC = NO;
				GCC_NO_COMMON_BLOCKS = YES;
				GCC_OPTIMIZATION_LEVEL = 0;
				GCC_PREPROCESSOR_DEFINITIONS = (
					"DEBUG=1",
					"$(inherited)",
				);
				GCC_WARN_64_TO_32_BIT_CONVERSION = YES;
				GCC_WARN_ABOUT_RETURN_TYPE = YES_ERROR;
				GCC_WARN_UNDECLARED_SELECTOR = YES;
				GCC_WARN_UNINITIALIZED_AUTOS = YES_AGGRESSIVE;
				GCC_WARN_UNUSED_FUNCTION = YES;
				GCC_WARN_UNUSED_VARIABLE = YES;
				IPHONEOS_DEPLOYMENT_TARGET = 12.0;
				MTL_ENABLE_DEBUG_INFO = YES;
				ONLY_ACTIVE_ARCH = YES;
				SDKROOT = iphoneos;
				SWIFT_ACTIVE_COMPILATION_CONDITIONS = DEBUG;
				SWIFT_OPTIMIZATION_LEVEL = "-Onone";
				TARGETED_DEVICE_FAMILY = "1,2";
			};
			name = Debug;
		};
		F4BFB3991DB5D2C90072BA92 /* Release */ = {
			isa = XCBuildConfiguration;
			buildSettings = {
				ALWAYS_SEARCH_USER_PATHS = NO;
				CLANG_ANALYZER_LOCALIZABILITY_NONLOCALIZED = YES;
				CLANG_ANALYZER_NONNULL = YES;
				CLANG_CXX_LANGUAGE_STANDARD = "gnu++0x";
				CLANG_CXX_LIBRARY = "libc++";
				CLANG_ENABLE_MODULES = YES;
				CLANG_ENABLE_OBJC_ARC = YES;
				CLANG_WARN_BLOCK_CAPTURE_AUTORELEASING = YES;
				CLANG_WARN_BOOL_CONVERSION = YES;
				CLANG_WARN_COMMA = YES;
				CLANG_WARN_CONSTANT_CONVERSION = YES;
				CLANG_WARN_DEPRECATED_OBJC_IMPLEMENTATIONS = YES;
				CLANG_WARN_DIRECT_OBJC_ISA_USAGE = YES_ERROR;
				CLANG_WARN_DOCUMENTATION_COMMENTS = YES;
				CLANG_WARN_EMPTY_BODY = YES;
				CLANG_WARN_ENUM_CONVERSION = YES;
				CLANG_WARN_INFINITE_RECURSION = YES;
				CLANG_WARN_INT_CONVERSION = YES;
				CLANG_WARN_NON_LITERAL_NULL_CONVERSION = YES;
				CLANG_WARN_OBJC_IMPLICIT_RETAIN_SELF = YES;
				CLANG_WARN_OBJC_LITERAL_CONVERSION = YES;
				CLANG_WARN_OBJC_ROOT_CLASS = YES_ERROR;
				CLANG_WARN_RANGE_LOOP_ANALYSIS = YES;
				CLANG_WARN_STRICT_PROTOTYPES = YES;
				CLANG_WARN_SUSPICIOUS_MOVE = YES;
				CLANG_WARN_SUSPICIOUS_MOVES = YES;
				CLANG_WARN_UNREACHABLE_CODE = YES;
				CLANG_WARN__DUPLICATE_METHOD_MATCH = YES;
				"CODE_SIGN_IDENTITY[sdk=iphoneos*]" = "iPhone Developer";
				COPY_PHASE_STRIP = NO;
				DEBUG_INFORMATION_FORMAT = "dwarf-with-dsym";
				ENABLE_NS_ASSERTIONS = NO;
				ENABLE_STRICT_OBJC_MSGSEND = YES;
				GCC_C_LANGUAGE_STANDARD = gnu99;
				GCC_NO_COMMON_BLOCKS = YES;
				GCC_WARN_64_TO_32_BIT_CONVERSION = YES;
				GCC_WARN_ABOUT_RETURN_TYPE = YES_ERROR;
				GCC_WARN_UNDECLARED_SELECTOR = YES;
				GCC_WARN_UNINITIALIZED_AUTOS = YES_AGGRESSIVE;
				GCC_WARN_UNUSED_FUNCTION = YES;
				GCC_WARN_UNUSED_VARIABLE = YES;
				IPHONEOS_DEPLOYMENT_TARGET = 12.0;
				MTL_ENABLE_DEBUG_INFO = NO;
				SDKROOT = iphoneos;
				SWIFT_OPTIMIZATION_LEVEL = "-Owholemodule";
				TARGETED_DEVICE_FAMILY = "1,2";
				VALIDATE_PRODUCT = YES;
			};
			name = Release;
		};
		F4BFB39B1DB5D2C90072BA92 /* Debug */ = {
			isa = XCBuildConfiguration;
			buildSettings = {
				ASSETCATALOG_COMPILER_APPICON_NAME = AppIcon;
				DEVELOPMENT_TEAM = 3CCWF8D47P;
				INFOPLIST_FILE = CustomFont/Info.plist;
				LD_RUNPATH_SEARCH_PATHS = "$(inherited) @executable_path/Frameworks";
				PRODUCT_BUNDLE_IDENTIFIER = com.appcoda.CustomFont;
				PRODUCT_NAME = "$(TARGET_NAME)";
				SWIFT_SWIFT3_OBJC_INFERENCE = Off;
				SWIFT_VERSION = 5.0;
			};
			name = Debug;
		};
		F4BFB39C1DB5D2C90072BA92 /* Release */ = {
			isa = XCBuildConfiguration;
			buildSettings = {
				ASSETCATALOG_COMPILER_APPICON_NAME = AppIcon;
				DEVELOPMENT_TEAM = 3CCWF8D47P;
				INFOPLIST_FILE = CustomFont/Info.plist;
				LD_RUNPATH_SEARCH_PATHS = "$(inherited) @executable_path/Frameworks";
				PRODUCT_BUNDLE_IDENTIFIER = com.appcoda.CustomFont;
				PRODUCT_NAME = "$(TARGET_NAME)";
				SWIFT_SWIFT3_OBJC_INFERENCE = Off;
				SWIFT_VERSION = 5.0;
			};
			name = Release;
		};
/* End XCBuildConfiguration section */

/* Begin XCConfigurationList section */
		F4BFB3831DB5D2C90072BA92 /* Build configuration list for PBXProject "CustomFont" */ = {
			isa = XCConfigurationList;
			buildConfigurations = (
				F4BFB3981DB5D2C90072BA92 /* Debug */,
				F4BFB3991DB5D2C90072BA92 /* Release */,
			);
			defaultConfigurationIsVisible = 0;
			defaultConfigurationName = Release;
		};
		F4BFB39A1DB5D2C90072BA92 /* Build configuration list for PBXNativeTarget "CustomFont" */ = {
			isa = XCConfigurationList;
			buildConfigurations = (
				F4BFB39B1DB5D2C90072BA92 /* Debug */,
				F4BFB39C1DB5D2C90072BA92 /* Release */,
			);
			defaultConfigurationIsVisible = 0;
			defaultConfigurationName = Release;
		};
/* End XCConfigurationList section */
	};
	rootObject = F4BFB3801DB5D2C90072BA92 /* Project object */;
}
